{
  "name": "find-references-ts-bug",
  "version": "1.0.0",
  "lockfileVersion": 1,
  "requires": true,
  "dependencies": {
    "typescript": {
      "version": "3.8.0-dev.20191102",
      "resolved": "https://registry.npmjs.org/typescript/-/typescript-3.8.0-dev.20191102.tgz",
      "integrity": "sha512-eCeAeDx/MD93qg/yjMUVM8ddIqQYalsY61wHv9NPZmBULVYGrRNeQVDfNbbi8CG+/Wnau3C5zFNDC2IkqqeWjg=="
    }
  }
}
